
Microsoft Visual Studio Solution File, Format Version 12.00
# Visual Studio 15
VisualStudioVersion = 15.0.28010.2050
MinimumVisualStudioVersion = 10.0.40219.1
Project("{2150E333-8FDC-42A3-9474-1A3956D46DE8}") = "Tests", "Tests", "{D847DB75-22B9-45F1-8508-CA6D274D6A8B}"
EndProject
Project("{9A19103F-16F7-4668-BE54-9A1E7A4F7556}") = "Web.Api", "src\Web.Api\Web.Api.csproj", "{9763BCA0-AB69-4000-A675-CF421FA5F4F3}"
EndProject
Project("{9A19103F-16F7-4668-BE54-9A1E7A4F7556}") = "Web.Api.Tests", "tests\Web.Api.IntegrationTests\Web.Api.Tests.csproj", "{42763DAD-C430-4EEB-8F62-1559388DF6C5}"
EndProject
Global
	GlobalSection(SolutionConfigurationPlatforms) = preSolution
		Debug|Any CPU = Debug|Any CPU
		Release|Any CPU = Release|Any CPU
	EndGlobalSection
	GlobalSection(ProjectConfigurationPlatforms) = postSolution
		{9763BCA0-AB69-4000-A675-CF421FA5F4F3}.Debug|Any CPU.ActiveCfg = Debug|Any CPU
		{9763BCA0-AB69-4000-A675-CF421FA5F4F3}.Debug|Any CPU.Build.0 = Debug|Any CPU
		{9763BCA0-AB69-4000-A675-CF421FA5F4F3}.Release|Any CPU.ActiveCfg = Release|Any CPU
		{9763BCA0-AB69-4000-A675-CF421FA5F4F3}.Release|Any CPU.Build.0 = Release|Any CPU
		{42763DAD-C430-4EEB-8F62-1559388DF6C5}.Debug|Any CPU.ActiveCfg = Debug|Any CPU
		{42763DAD-C430-4EEB-8F62-1559388DF6C5}.Debug|Any CPU.Build.0 = Debug|Any CPU
		{42763DAD-C430-4EEB-8F62-1559388DF6C5}.Release|Any CPU.ActiveCfg = Release|Any CPU
		{42763DAD-C430-4EEB-8F62-1559388DF6C5}.Release|Any CPU.Build.0 = Release|Any CPU
	EndGlobalSection
	GlobalSection(SolutionProperties) = preSolution
		HideSolutionNode = FALSE
	EndGlobalSection
	GlobalSection(NestedProjects) = preSolution
		{42763DAD-C430-4EEB-8F62-1559388DF6C5} = {D847DB75-22B9-45F1-8508-CA6D274D6A8B}
	EndGlobalSection
	GlobalSection(ExtensibilityGlobals) = postSolution
		SolutionGuid = {EDECB4A1-1013-4849-A1A0-2A7741296A45}
	EndGlobalSection
EndGlobal
